PODS:
  - boost (1.76.0)
  - CocoaAsyncSocket (7.6.5)
  - DoubleConversion (1.1.6)
  - FBLazyVector (0.68.5)
  - FBReactNativeSpec (0.68.5):
    - RCT-Folly (= 2021.06.28.00-v2)
    - RCTRequired (= 0.68.5)
    - RCTTypeSafety (= 0.68.5)
    - React-Core (= 0.68.5)
    - React-jsi (= 0.68.5)
    - ReactCommon/turbomodule/core (= 0.68.5)
  - Flipper (0.125.0):
    - Flipper-Folly (~> 2.6)
    - Flipper-RSocket (~> 1.4)
  - Flipper-Boost-iOSX (1.76.0.1.11)
  - Flipper-DoubleConversion (3.2.0)
  - Flipper-Fmt (7.1.7)
  - Flipper-Folly (2.6.10):
    - Flipper-Boost-iOSX
    - Flipper-DoubleConversion
    - Flipper-Fmt (= 7.1.7)
    - Flipper-Glog
    - libevent (~> 2.1.12)
    - OpenSSL-Universal (= 1.1.1100)
  - Flipper-Glog (0.5.0.4)
  - Flipper-PeerTalk (0.0.4)
  - Flipper-RSocket (1.4.3):
    - Flipper-Folly (~> 2.6)
  - FlipperKit (0.125.0):
    - FlipperKit/Core (= 0.125.0)
  - FlipperKit/Core (0.125.0):
    - Flipper (~> 0.125.0)
    - FlipperKit/CppBridge
    - FlipperKit/FBCxxFollyDynamicConvert
    - FlipperKit/FBDefines
    - FlipperKit/FKPortForwarding
    - SocketRocket (~> 0.6.0)
  - FlipperKit/CppBridge (0.125.0):
    - Flipper (~> 0.125.0)
  - FlipperKit/FBCxxFollyDynamicConvert (0.125.0):
    - Flipper-Folly (~> 2.6)
  - FlipperKit/FBDefines (0.125.0)
  - FlipperKit/FKPortForwarding (0.125.0):
    - CocoaAsyncSocket (~> 7.6)
    - Flipper-PeerTalk (~> 0.0.4)
  - FlipperKit/FlipperKitHighlightOverlay (0.125.0)
  - FlipperKit/FlipperKitLayoutHelpers (0.125.0):
    - FlipperKit/Core
    - FlipperKit/FlipperKitHighlightOverlay
    - FlipperKit/FlipperKitLayoutTextSearchable
  - FlipperKit/FlipperKitLayoutIOSDescriptors (0.125.0):
    - FlipperKit/Core
    - FlipperKit/FlipperKitHighlightOverlay
    - FlipperKit/FlipperKitLayoutHelpers
    - YogaKit (~> 1.18)
  - FlipperKit/FlipperKitLayoutPlugin (0.125.0):
    - FlipperKit/Core
    - FlipperKit/FlipperKitHighlightOverlay
    - FlipperKit/FlipperKitLayoutHelpers
    - FlipperKit/FlipperKitLayoutIOSDescriptors
    - FlipperKit/FlipperKitLayoutTextSearchable
    - YogaKit (~> 1.18)
  - FlipperKit/FlipperKitLayoutTextSearchable (0.125.0)
  - FlipperKit/FlipperKitNetworkPlugin (0.125.0):
    - FlipperKit/Core
  - FlipperKit/FlipperKitReactPlugin (0.125.0):
    - FlipperKit/Core
  - FlipperKit/FlipperKitUserDefaultsPlugin (0.125.0):
    - FlipperKit/Core
  - FlipperKit/SKIOSNetworkPlugin (0.125.0):
    - FlipperKit/Core
    - FlipperKit/FlipperKitNetworkPlugin
  - fmt (6.2.1)
  - glog (0.3.5)
  - libevent (2.1.12)
  - libwebp (1.2.1):
    - libwebp/demux (= 1.2.1)
    - libwebp/mux (= 1.2.1)
    - libwebp/webp (= 1.2.1)
  - libwebp/demux (1.2.1):
    - libwebp/webp
  - libwebp/mux (1.2.1):
    - libwebp/demux
  - libwebp/webp (1.2.1)
  - OpenSSL-Universal (1.1.1100)
  - RCT-Folly (2021.06.28.00-v2):
    - boost
    - DoubleConversion
    - fmt (~> 6.2.1)
    - glog
    - RCT-Folly/Default (= 2021.06.28.00-v2)
  - RCT-Folly/Default (2021.06.28.00-v2):
    - boost
    - DoubleConversion
    - fmt (~> 6.2.1)
    - glog
  - RCTRequired (0.68.5)
  - RCTTypeSafety (0.68.5):
    - FBLazyVector (= 0.68.5)
    - RCT-Folly (= 2021.06.28.00-v2)
    - RCTRequired (= 0.68.5)
    - React-Core (= 0.68.5)
  - React (0.68.5):
    - React-Core (= 0.68.5)
    - React-Core/DevSupport (= 0.68.5)
    - React-Core/RCTWebSocket (= 0.68.5)
    - React-RCTActionSheet (= 0.68.5)
    - React-RCTAnimation (= 0.68.5)
    - React-RCTBlob (= 0.68.5)
    - React-RCTImage (= 0.68.5)
    - React-RCTLinking (= 0.68.5)
    - React-RCTNetwork (= 0.68.5)
    - React-RCTSettings (= 0.68.5)
    - React-RCTText (= 0.68.5)
    - React-RCTVibration (= 0.68.5)
  - React-callinvoker (0.68.5)
  - React-Codegen (0.68.5):
    - FBReactNativeSpec (= 0.68.5)
    - RCT-Folly (= 2021.06.28.00-v2)
    - RCTRequired (= 0.68.5)
    - RCTTypeSafety (= 0.68.5)
    - React-Core (= 0.68.5)
    - React-jsi (= 0.68.5)
    - React-jsiexecutor (= 0.68.5)
    - ReactCommon/turbomodule/core (= 0.68.5)
  - React-Core (0.68.5):
    - glog
    - RCT-Folly (= 2021.06.28.00-v2)
    - React-Core/Default (= 0.68.5)
    - React-cxxreact (= 0.68.5)
    - React-jsi (= 0.68.5)
    - React-jsiexecutor (= 0.68.5)
    - React-perflogger (= 0.68.5)
    - Yoga
  - React-Core/CoreModulesHeaders (0.68.5):
    - glog
    - RCT-Folly (= 2021.06.28.00-v2)
    - React-Core/Default
    - React-cxxreact (= 0.68.5)
    - React-jsi (= 0.68.5)
    - React-jsiexecutor (= 0.68.5)
    - React-perflogger (= 0.68.5)
    - Yoga
  - React-Core/Default (0.68.5):
    - glog
    - RCT-Folly (= 2021.06.28.00-v2)
    - React-cxxreact (= 0.68.5)
    - React-jsi (= 0.68.5)
    - React-jsiexecutor (= 0.68.5)
    - React-perflogger (= 0.68.5)
    - Yoga
  - React-Core/DevSupport (0.68.5):
    - glog
    - RCT-Folly (= 2021.06.28.00-v2)
    - React-Core/Default (= 0.68.5)
    - React-Core/RCTWebSocket (= 0.68.5)
    - React-cxxreact (= 0.68.5)
    - React-jsi (= 0.68.5)
    - React-jsiexecutor (= 0.68.5)
    - React-jsinspector (= 0.68.5)
    - React-perflogger (= 0.68.5)
    - Yoga
  - React-Core/RCTActionSheetHeaders (0.68.5):
    - glog
    - RCT-Folly (= 2021.06.28.00-v2)
    - React-Core/Default
    - React-cxxreact (= 0.68.5)
    - React-jsi (= 0.68.5)
    - React-jsiexecutor (= 0.68.5)
    - React-perflogger (= 0.68.5)
    - Yoga
  - React-Core/RCTAnimationHeaders (0.68.5):
    - glog
    - RCT-Folly (= 2021.06.28.00-v2)
    - React-Core/Default
    - React-cxxreact (= 0.68.5)
    - React-jsi (= 0.68.5)
    - React-jsiexecutor (= 0.68.5)
    - React-perflogger (= 0.68.5)
    - Yoga
  - React-Core/RCTBlobHeaders (0.68.5):
    - glog
    - RCT-Folly (= 2021.06.28.00-v2)
    - React-Core/Default
    - React-cxxreact (= 0.68.5)
    - React-jsi (= 0.68.5)
    - React-jsiexecutor (= 0.68.5)
    - React-perflogger (= 0.68.5)
    - Yoga
  - React-Core/RCTImageHeaders (0.68.5):
    - glog
    - RCT-Folly (= 2021.06.28.00-v2)
    - React-Core/Default
    - React-cxxreact (= 0.68.5)
    - React-jsi (= 0.68.5)
    - React-jsiexecutor (= 0.68.5)
    - React-perflogger (= 0.68.5)
    - Yoga
  - React-Core/RCTLinkingHeaders (0.68.5):
    - glog
    - RCT-Folly (= 2021.06.28.00-v2)
    - React-Core/Default
    - React-cxxreact (= 0.68.5)
    - React-jsi (= 0.68.5)
    - React-jsiexecutor (= 0.68.5)
    - React-perflogger (= 0.68.5)
    - Yoga
  - React-Core/RCTNetworkHeaders (0.68.5):
    - glog
    - RCT-Folly (= 2021.06.28.00-v2)
    - React-Core/Default
    - React-cxxreact (= 0.68.5)
    - React-jsi (= 0.68.5)
    - React-jsiexecutor (= 0.68.5)
    - React-perflogger (= 0.68.5)
    - Yoga
  - React-Core/RCTSettingsHeaders (0.68.5):
    - glog
    - RCT-Folly (= 2021.06.28.00-v2)
    - React-Core/Default
    - React-cxxreact (= 0.68.5)
    - React-jsi (= 0.68.5)
    - React-jsiexecutor (= 0.68.5)
    - React-perflogger (= 0.68.5)
    - Yoga
  - React-Core/RCTTextHeaders (0.68.5):
    - glog
    - RCT-Folly (= 2021.06.28.00-v2)
    - React-Core/Default
    - React-cxxreact (= 0.68.5)
    - React-jsi (= 0.68.5)
    - React-jsiexecutor (= 0.68.5)
    - React-perflogger (= 0.68.5)
    - Yoga
  - React-Core/RCTVibrationHeaders (0.68.5):
    - glog
    - RCT-Folly (= 2021.06.28.00-v2)
    - React-Core/Default
    - React-cxxreact (= 0.68.5)
    - React-jsi (= 0.68.5)
    - React-jsiexecutor (= 0.68.5)
    - React-perflogger (= 0.68.5)
    - Yoga
  - React-Core/RCTWebSocket (0.68.5):
    - glog
    - RCT-Folly (= 2021.06.28.00-v2)
    - React-Core/Default (= 0.68.5)
    - React-cxxreact (= 0.68.5)
    - React-jsi (= 0.68.5)
    - React-jsiexecutor (= 0.68.5)
    - React-perflogger (= 0.68.5)
    - Yoga
  - React-CoreModules (0.68.5):
    - RCT-Folly (= 2021.06.28.00-v2)
    - RCTTypeSafety (= 0.68.5)
    - React-Codegen (= 0.68.5)
    - React-Core/CoreModulesHeaders (= 0.68.5)
    - React-jsi (= 0.68.5)
    - React-RCTImage (= 0.68.5)
    - ReactCommon/turbomodule/core (= 0.68.5)
  - React-cxxreact (0.68.5):
    - boost (= 1.76.0)
    - DoubleConversion
    - glog
    - RCT-Folly (= 2021.06.28.00-v2)
    - React-callinvoker (= 0.68.5)
    - React-jsi (= 0.68.5)
    - React-jsinspector (= 0.68.5)
    - React-logger (= 0.68.5)
    - React-perflogger (= 0.68.5)
    - React-runtimeexecutor (= 0.68.5)
  - React-jsi (0.68.5):
    - boost (= 1.76.0)
    - DoubleConversion
    - glog
    - RCT-Folly (= 2021.06.28.00-v2)
    - React-jsi/Default (= 0.68.5)
  - React-jsi/Default (0.68.5):
    - boost (= 1.76.0)
    - DoubleConversion
    - glog
    - RCT-Folly (= 2021.06.28.00-v2)
  - React-jsiexecutor (0.68.5):
    - DoubleConversion
    - glog
    - RCT-Folly (= 2021.06.28.00-v2)
    - React-cxxreact (= 0.68.5)
    - React-jsi (= 0.68.5)
    - React-perflogger (= 0.68.5)
  - React-jsinspector (0.68.5)
  - React-logger (0.68.5):
    - glog
  - react-native-flipper (0.142.0):
    - React-Core
  - react-native-safe-area-context (3.3.2):
    - React-Core
  - React-perflogger (0.68.5)
  - React-RCTActionSheet (0.68.5):
    - React-Core/RCTActionSheetHeaders (= 0.68.5)
  - React-RCTAnimation (0.68.5):
    - RCT-Folly (= 2021.06.28.00-v2)
    - RCTTypeSafety (= 0.68.5)
    - React-Codegen (= 0.68.5)
    - React-Core/RCTAnimationHeaders (= 0.68.5)
    - React-jsi (= 0.68.5)
    - ReactCommon/turbomodule/core (= 0.68.5)
  - React-RCTBlob (0.68.5):
    - RCT-Folly (= 2021.06.28.00-v2)
    - React-Codegen (= 0.68.5)
    - React-Core/RCTBlobHeaders (= 0.68.5)
    - React-Core/RCTWebSocket (= 0.68.5)
    - React-jsi (= 0.68.5)
    - React-RCTNetwork (= 0.68.5)
    - ReactCommon/turbomodule/core (= 0.68.5)
  - React-RCTImage (0.68.5):
    - RCT-Folly (= 2021.06.28.00-v2)
    - RCTTypeSafety (= 0.68.5)
    - React-Codegen (= 0.68.5)
    - React-Core/RCTImageHeaders (= 0.68.5)
    - React-jsi (= 0.68.5)
    - React-RCTNetwork (= 0.68.5)
    - ReactCommon/turbomodule/core (= 0.68.5)
  - React-RCTLinking (0.68.5):
    - React-Codegen (= 0.68.5)
    - React-Core/RCTLinkingHeaders (= 0.68.5)
    - React-jsi (= 0.68.5)
    - ReactCommon/turbomodule/core (= 0.68.5)
  - React-RCTNetwork (0.68.5):
    - RCT-Folly (= 2021.06.28.00-v2)
    - RCTTypeSafety (= 0.68.5)
    - React-Codegen (= 0.68.5)
    - React-Core/RCTNetworkHeaders (= 0.68.5)
    - React-jsi (= 0.68.5)
    - ReactCommon/turbomodule/core (= 0.68.5)
  - React-RCTSettings (0.68.5):
    - RCT-Folly (= 2021.06.28.00-v2)
    - RCTTypeSafety (= 0.68.5)
    - React-Codegen (= 0.68.5)
    - React-Core/RCTSettingsHeaders (= 0.68.5)
    - React-jsi (= 0.68.5)
    - ReactCommon/turbomodule/core (= 0.68.5)
  - React-RCTText (0.68.5):
    - React-Core/RCTTextHeaders (= 0.68.5)
  - React-RCTVibration (0.68.5):
    - RCT-Folly (= 2021.06.28.00-v2)
    - React-Codegen (= 0.68.5)
    - React-Core/RCTVibrationHeaders (= 0.68.5)
    - React-jsi (= 0.68.5)
    - ReactCommon/turbomodule/core (= 0.68.5)
  - React-runtimeexecutor (0.68.5):
    - React-jsi (= 0.68.5)
  - ReactCommon/turbomodule/core (0.68.5):
    - DoubleConversion
    - glog
    - RCT-Folly (= 2021.06.28.00-v2)
    - React-callinvoker (= 0.68.5)
    - React-Core (= 0.68.5)
    - React-cxxreact (= 0.68.5)
    - React-jsi (= 0.68.5)
    - React-logger (= 0.68.5)
    - React-perflogger (= 0.68.5)
  - ReactNativePerformanceListsProfiler (1.1.0):
    - React-Core
  - RNFastImage (8.5.11):
    - React-Core
    - SDWebImage (~> 5.11.1)
    - SDWebImageWebPCoder (~> 0.8.4)
  - RNFlashList (1.4.1):
    - React-Core
  - RNFlashList/Tests (1.4.1):
    - React-Core
  - RNGestureHandler (2.5.0):
    - React-Core
  - RNReanimated (2.4.1):
    - DoubleConversion
    - FBLazyVector
    - FBReactNativeSpec
    - glog
    - RCT-Folly
    - RCTRequired
    - RCTTypeSafety
    - React
    - React-callinvoker
    - React-Core
    - React-Core/DevSupport
    - React-Core/RCTWebSocket
    - React-CoreModules
    - React-cxxreact
    - React-jsi
    - React-jsiexecutor
    - React-jsinspector
    - React-RCTActionSheet
    - React-RCTAnimation
    - React-RCTBlob
    - React-RCTImage
    - React-RCTLinking
    - React-RCTNetwork
    - React-RCTSettings
    - React-RCTText
    - ReactCommon/turbomodule/core
    - Yoga
  - RNScreens (3.13.1):
    - React-Core
    - React-RCTImage
  - SDWebImage (5.11.1):
    - SDWebImage/Core (= 5.11.1)
  - SDWebImage/Core (5.11.1)
  - SDWebImageWebPCoder (0.8.4):
    - libwebp (~> 1.0)
    - SDWebImage/Core (~> 5.10)
  - SocketRocket (0.6.0)
  - Yoga (1.14.0)
  - YogaKit (1.18.1):
    - Yoga (~> 1.14)

DEPENDENCIES:
  - boost (from `../node_modules/react-native/third-party-podspecs/boost.podspec`)
  - DoubleConversion (from `../node_modules/react-native/third-party-podspecs/DoubleConversion.podspec`)
  - FBLazyVector (from `../node_modules/react-native/Libraries/FBLazyVector`)
  - FBReactNativeSpec (from `../node_modules/react-native/React/FBReactNativeSpec`)
  - Flipper (= 0.125.0)
  - Flipper-Boost-iOSX (= 1.76.0.1.11)
  - Flipper-DoubleConversion (= 3.2.0)
  - Flipper-Fmt (= 7.1.7)
  - Flipper-Folly (= 2.6.10)
  - Flipper-Glog (= 0.5.0.4)
  - Flipper-PeerTalk (= 0.0.4)
  - Flipper-RSocket (= 1.4.3)
  - FlipperKit (= 0.125.0)
  - FlipperKit/Core (= 0.125.0)
  - FlipperKit/CppBridge (= 0.125.0)
  - FlipperKit/FBCxxFollyDynamicConvert (= 0.125.0)
  - FlipperKit/FBDefines (= 0.125.0)
  - FlipperKit/FKPortForwarding (= 0.125.0)
  - FlipperKit/FlipperKitHighlightOverlay (= 0.125.0)
  - FlipperKit/FlipperKitLayoutPlugin (= 0.125.0)
  - FlipperKit/FlipperKitLayoutTextSearchable (= 0.125.0)
  - FlipperKit/FlipperKitNetworkPlugin (= 0.125.0)
  - FlipperKit/FlipperKitReactPlugin (= 0.125.0)
  - FlipperKit/FlipperKitUserDefaultsPlugin (= 0.125.0)
  - FlipperKit/SKIOSNetworkPlugin (= 0.125.0)
  - glog (from `../node_modules/react-native/third-party-podspecs/glog.podspec`)
  - OpenSSL-Universal (= 1.1.1100)
  - RCT-Folly (from `../node_modules/react-native/third-party-podspecs/RCT-Folly.podspec`)
  - RCTRequired (from `../node_modules/react-native/Libraries/RCTRequired`)
  - RCTTypeSafety (from `../node_modules/react-native/Libraries/TypeSafety`)
  - React (from `../node_modules/react-native/`)
  - React-callinvoker (from `../node_modules/react-native/ReactCommon/callinvoker`)
  - React-Codegen (from `build/generated/ios`)
  - React-Core (from `../node_modules/react-native/`)
  - React-Core/DevSupport (from `../node_modules/react-native/`)
  - React-Core/RCTWebSocket (from `../node_modules/react-native/`)
  - React-CoreModules (from `../node_modules/react-native/React/CoreModules`)
  - React-cxxreact (from `../node_modules/react-native/ReactCommon/cxxreact`)
  - React-jsi (from `../node_modules/react-native/ReactCommon/jsi`)
  - React-jsiexecutor (from `../node_modules/react-native/ReactCommon/jsiexecutor`)
  - React-jsinspector (from `../node_modules/react-native/ReactCommon/jsinspector`)
  - React-logger (from `../node_modules/react-native/ReactCommon/logger`)
  - react-native-flipper (from `../node_modules/react-native-flipper`)
  - react-native-safe-area-context (from `../node_modules/react-native-safe-area-context`)
  - React-perflogger (from `../node_modules/react-native/ReactCommon/reactperflogger`)
  - React-RCTActionSheet (from `../node_modules/react-native/Libraries/ActionSheetIOS`)
  - React-RCTAnimation (from `../node_modules/react-native/Libraries/NativeAnimation`)
  - React-RCTBlob (from `../node_modules/react-native/Libraries/Blob`)
  - React-RCTImage (from `../node_modules/react-native/Libraries/Image`)
  - React-RCTLinking (from `../node_modules/react-native/Libraries/LinkingIOS`)
  - React-RCTNetwork (from `../node_modules/react-native/Libraries/Network`)
  - React-RCTSettings (from `../node_modules/react-native/Libraries/Settings`)
  - React-RCTText (from `../node_modules/react-native/Libraries/Text`)
  - React-RCTVibration (from `../node_modules/react-native/Libraries/Vibration`)
  - React-runtimeexecutor (from `../node_modules/react-native/ReactCommon/runtimeexecutor`)
  - ReactCommon/turbomodule/core (from `../node_modules/react-native/ReactCommon`)
  - "ReactNativePerformanceListsProfiler (from `../node_modules/@shopify/react-native-performance-lists-profiler`)"
  - RNFastImage (from `../node_modules/react-native-fast-image`)
  - RNFlashList (from `../../RNFlashList.podspec`)
  - RNFlashList/Tests (from `../../RNFlashList.podspec`)
  - RNGestureHandler (from `../node_modules/react-native-gesture-handler`)
  - RNReanimated (from `../node_modules/react-native-reanimated`)
  - RNScreens (from `../node_modules/react-native-screens`)
  - Yoga (from `../node_modules/react-native/ReactCommon/yoga`)

SPEC REPOS:
  trunk:
    - CocoaAsyncSocket
    - Flipper
    - Flipper-Boost-iOSX
    - Flipper-DoubleConversion
    - Flipper-Fmt
    - Flipper-Folly
    - Flipper-Glog
    - Flipper-PeerTalk
    - Flipper-RSocket
    - FlipperKit
    - fmt
    - libevent
    - libwebp
    - OpenSSL-Universal
    - SDWebImage
    - SDWebImageWebPCoder
    - SocketRocket
    - YogaKit

EXTERNAL SOURCES:
  boost:
    :podspec: "../node_modules/react-native/third-party-podspecs/boost.podspec"
  DoubleConversion:
    :podspec: "../node_modules/react-native/third-party-podspecs/DoubleConversion.podspec"
  FBLazyVector:
    :path: "../node_modules/react-native/Libraries/FBLazyVector"
  FBReactNativeSpec:
    :path: "../node_modules/react-native/React/FBReactNativeSpec"
  glog:
    :podspec: "../node_modules/react-native/third-party-podspecs/glog.podspec"
  RCT-Folly:
    :podspec: "../node_modules/react-native/third-party-podspecs/RCT-Folly.podspec"
  RCTRequired:
    :path: "../node_modules/react-native/Libraries/RCTRequired"
  RCTTypeSafety:
    :path: "../node_modules/react-native/Libraries/TypeSafety"
  React:
    :path: "../node_modules/react-native/"
  React-callinvoker:
    :path: "../node_modules/react-native/ReactCommon/callinvoker"
  React-Codegen:
    :path: build/generated/ios
  React-Core:
    :path: "../node_modules/react-native/"
  React-CoreModules:
    :path: "../node_modules/react-native/React/CoreModules"
  React-cxxreact:
    :path: "../node_modules/react-native/ReactCommon/cxxreact"
  React-jsi:
    :path: "../node_modules/react-native/ReactCommon/jsi"
  React-jsiexecutor:
    :path: "../node_modules/react-native/ReactCommon/jsiexecutor"
  React-jsinspector:
    :path: "../node_modules/react-native/ReactCommon/jsinspector"
  React-logger:
    :path: "../node_modules/react-native/ReactCommon/logger"
  react-native-flipper:
    :path: "../node_modules/react-native-flipper"
  react-native-safe-area-context:
    :path: "../node_modules/react-native-safe-area-context"
  React-perflogger:
    :path: "../node_modules/react-native/ReactCommon/reactperflogger"
  React-RCTActionSheet:
    :path: "../node_modules/react-native/Libraries/ActionSheetIOS"
  React-RCTAnimation:
    :path: "../node_modules/react-native/Libraries/NativeAnimation"
  React-RCTBlob:
    :path: "../node_modules/react-native/Libraries/Blob"
  React-RCTImage:
    :path: "../node_modules/react-native/Libraries/Image"
  React-RCTLinking:
    :path: "../node_modules/react-native/Libraries/LinkingIOS"
  React-RCTNetwork:
    :path: "../node_modules/react-native/Libraries/Network"
  React-RCTSettings:
    :path: "../node_modules/react-native/Libraries/Settings"
  React-RCTText:
    :path: "../node_modules/react-native/Libraries/Text"
  React-RCTVibration:
    :path: "../node_modules/react-native/Libraries/Vibration"
  React-runtimeexecutor:
    :path: "../node_modules/react-native/ReactCommon/runtimeexecutor"
  ReactCommon:
    :path: "../node_modules/react-native/ReactCommon"
  ReactNativePerformanceListsProfiler:
    :path: "../node_modules/@shopify/react-native-performance-lists-profiler"
  RNFastImage:
    :path: "../node_modules/react-native-fast-image"
  RNFlashList:
    :path: "../../RNFlashList.podspec"
  RNGestureHandler:
    :path: "../node_modules/react-native-gesture-handler"
  RNReanimated:
    :path: "../node_modules/react-native-reanimated"
  RNScreens:
    :path: "../node_modules/react-native-screens"
  Yoga:
    :path: "../node_modules/react-native/ReactCommon/yoga"

SPEC CHECKSUMS:
  boost: a7c83b31436843459a1961bfd74b96033dc77234
  CocoaAsyncSocket: 065fd1e645c7abab64f7a6a2007a48038fdc6a99
  DoubleConversion: 831926d9b8bf8166fd87886c4abab286c2422662
  FBLazyVector: 2b47ff52037bd9ae07cc9b051c9975797814b736
  FBReactNativeSpec: 0e0d384ef17a33b385f13f0c7f97702c7cd17858
  Flipper: 26fc4b7382499f1281eb8cb921e5c3ad6de91fe0
  Flipper-Boost-iOSX: fd1e2b8cbef7e662a122412d7ac5f5bea715403c
  Flipper-DoubleConversion: 3d3d04a078d4f3a1b6c6916587f159dc11f232c4
  Flipper-Fmt: 60cbdd92fc254826e61d669a5d87ef7015396a9b
  Flipper-Folly: 584845625005ff068a6ebf41f857f468decd26b3
  Flipper-Glog: 87bc98ff48de90cb5b0b5114ed3da79d85ee2dd4
  Flipper-PeerTalk: 116d8f857dc6ef55c7a5a75ea3ceaafe878aadc9
  Flipper-RSocket: d9d9ade67cbecf6ac10730304bf5607266dd2541
  FlipperKit: cbdee19bdd4e7f05472a66ce290f1b729ba3cb86
  fmt: ff9d55029c625d3757ed641535fd4a75fedc7ce9
  glog: 476ee3e89abb49e07f822b48323c51c57124b572
  libevent: 4049cae6c81cdb3654a443be001fb9bdceff7913
  libwebp: 98a37e597e40bfdb4c911fc98f2c53d0b12d05fc
  OpenSSL-Universal: ebc357f1e6bc71fa463ccb2fe676756aff50e88c
  RCT-Folly: 803a9cfd78114b2ec0f140cfa6fa2a6bafb2d685
  RCTRequired: 0f06b6068f530932d10e1a01a5352fad4eaacb74
  RCTTypeSafety: b0ee81f10ef1b7d977605a2b266823dabd565e65
  React: 3becd12bd51ea8a43bdde7e09d0f40fba7820e03
  React-callinvoker: 11abfff50e6bf7a55b3a90b4dc2187f71f224593
  React-Codegen: f8946ce0768fb8e92e092e30944489c4b2955b2d
  React-Core: 203cdb6ee2657b198d97d41031c249161060e6ca
  React-CoreModules: 6eb0c06a4a223fde2cb6a8d0f44f58b67e808942
  React-cxxreact: afb0c6c07d19adbd850747fedeac20c6832d40b9
  React-jsi: 14d37a6db2af2c1a49f6f5c2e4ee667c364ae45c
  React-jsiexecutor: 45c0496ca8cef6b02d9fa0274c25cf458fe91a56
  React-jsinspector: eb202e43b3879aba9a14f3f65788aec85d4e1ea9
  React-logger: 98f663b292a60967ebbc6d803ae96c1381183b6d
  react-native-flipper: 6504d02aadad2cce9083b6437fc1927f8e2083bb
  react-native-safe-area-context: 584dc04881deb49474363f3be89e4ca0e854c057
  React-perflogger: 0458a87ea9a7342079e7a31b0d32b3734fb8415f
  React-RCTActionSheet: 22538001ea2926dea001111dd2846c13a0730bc9
  React-RCTAnimation: 732ce66878d4aa151d56a0d142b1105aa12fd313
  React-RCTBlob: 9cb9e3e9a41d27be34aaf89b0e0f52c7ca415d57
  React-RCTImage: 6bd16627eb9c4bb79903c4cdec7c551266ee1a5b
  React-RCTLinking: e9edfc8919c8fa9a3f3c7b34362811f58a2ebba4
  React-RCTNetwork: 880eccd21bbe2660a0b63da5ccba75c46eceeaa6
  React-RCTSettings: 8c85d8188c97d6c6bd470af6631a6c4555b79bb3
  React-RCTText: bbd275ee287730c5acbab1aadc0db39c25c5c64e
  React-RCTVibration: 9819a3bf6230e4b2a99877c21268b0b2416157a1
  React-runtimeexecutor: b1f1995089b90696dbc2a7ffe0059a80db5c8eb1
  ReactCommon: 149e2c0acab9bac61378da0db5b2880a1b5ff59b
  ReactNativePerformanceListsProfiler: b9f7cfe8d08631fbce8e4729d388a5a3f7f562c2
  RNFastImage: 1f2cab428712a4baaf78d6169eaec7f622556dd7
  RNFlashList: 8ec7f7454721145fe84566bb9e88bcf58981c9fe
  RNGestureHandler: bad495418bcbd3ab47017a38d93d290ebd406f50
  RNReanimated: 3d1432ce7b6b7fc31f375dcabe5b4585e0634a43
  RNScreens: 40a2cb40a02a609938137a1e0acfbf8fc9eebf19
  SDWebImage: a7f831e1a65eb5e285e3fb046a23fcfbf08e696d
  SDWebImageWebPCoder: f93010f3f6c031e2f8fb3081ca4ee6966c539815
  SocketRocket: fccef3f9c5cedea1353a9ef6ada904fde10d6608
  Yoga: c4d61225a466f250c35c1ee78d2d0b3d41fe661c
  YogaKit: f782866e155069a2cca2517aafea43200b01fd5a

PODFILE CHECKSUM: 6548afc295a7859c32741346702fdac0f2f17bdb

COCOAPODS: 1.11.3
