PODS:
  - boost (1.76.0)
  - DoubleConversion (1.1.6)
  - FBLazyVector (0.72.10)
  - FBReactNativeSpec (0.72.10):
    - RCT-Folly (= 2021.07.22.00)
    - RCTRequired (= 0.72.10)
    - RCTTypeSafety (= 0.72.10)
    - React-Core (= 0.72.10)
    - React-jsi (= 0.72.10)
    - ReactCommon/turbomodule/core (= 0.72.10)
  - fmt (6.2.1)
  - glog (0.3.5)
  - hermes-engine (0.72.10):
    - hermes-engine/Pre-built (= 0.72.10)
  - hermes-engine/Pre-built (0.72.10)
  - libevent (2.1.12)
  - libwebp (1.3.2):
    - libwebp/demux (= 1.3.2)
    - libwebp/mux (= 1.3.2)
    - libwebp/sharpyuv (= 1.3.2)
    - libwebp/webp (= 1.3.2)
  - libwebp/demux (1.3.2):
    - libwebp/webp
  - libwebp/mux (1.3.2):
    - libwebp/demux
  - libwebp/sharpyuv (1.3.2)
  - libwebp/webp (1.3.2):
    - libwebp/sharpyuv
  - RCT-Folly (2021.07.22.00):
    - boost
    - DoubleConversion
    - fmt (~> 6.2.1)
    - glog
    - RCT-Folly/Default (= 2021.07.22.00)
  - RCT-Folly/Default (2021.07.22.00):
    - boost
    - DoubleConversion
    - fmt (~> 6.2.1)
    - glog
  - RCT-Folly/Futures (2021.07.22.00):
    - boost
    - DoubleConversion
    - fmt (~> 6.2.1)
    - glog
    - libevent
  - RCTRequired (0.72.10)
  - RCTTypeSafety (0.72.10):
    - FBLazyVector (= 0.72.10)
    - RCTRequired (= 0.72.10)
    - React-Core (= 0.72.10)
  - React (0.72.10):
    - React-Core (= 0.72.10)
    - React-Core/DevSupport (= 0.72.10)
    - React-Core/RCTWebSocket (= 0.72.10)
    - React-RCTActionSheet (= 0.72.10)
    - React-RCTAnimation (= 0.72.10)
    - React-RCTBlob (= 0.72.10)
    - React-RCTImage (= 0.72.10)
    - React-RCTLinking (= 0.72.10)
    - React-RCTNetwork (= 0.72.10)
    - React-RCTSettings (= 0.72.10)
    - React-RCTText (= 0.72.10)
    - React-RCTVibration (= 0.72.10)
  - React-callinvoker (0.72.10)
  - React-Codegen (0.72.10):
    - DoubleConversion
    - FBReactNativeSpec
    - glog
    - hermes-engine
    - RCT-Folly
    - RCTRequired
    - RCTTypeSafety
    - React-Core
    - React-jsi
    - React-jsiexecutor
    - React-NativeModulesApple
    - React-rncore
    - ReactCommon/turbomodule/bridging
    - ReactCommon/turbomodule/core
  - React-Core (0.72.10):
    - glog
    - hermes-engine
    - RCT-Folly (= 2021.07.22.00)
    - React-Core/Default (= 0.72.10)
    - React-cxxreact
    - React-hermes
    - React-jsi
    - React-jsiexecutor
    - React-perflogger
    - React-runtimeexecutor
    - React-utils
    - SocketRocket (= 0.6.1)
    - Yoga
  - React-Core/CoreModulesHeaders (0.72.10):
    - glog
    - hermes-engine
    - RCT-Folly (= 2021.07.22.00)
    - React-Core/Default
    - React-cxxreact
    - React-hermes
    - React-jsi
    - React-jsiexecutor
    - React-perflogger
    - React-runtimeexecutor
    - React-utils
    - SocketRocket (= 0.6.1)
    - Yoga
  - React-Core/Default (0.72.10):
    - glog
    - hermes-engine
    - RCT-Folly (= 2021.07.22.00)
    - React-cxxreact
    - React-hermes
    - React-jsi
    - React-jsiexecutor
    - React-perflogger
    - React-runtimeexecutor
    - React-utils
    - SocketRocket (= 0.6.1)
    - Yoga
  - React-Core/DevSupport (0.72.10):
    - glog
    - hermes-engine
    - RCT-Folly (= 2021.07.22.00)
    - React-Core/Default (= 0.72.10)
    - React-Core/RCTWebSocket (= 0.72.10)
    - React-cxxreact
    - React-hermes
    - React-jsi
    - React-jsiexecutor
    - React-jsinspector (= 0.72.10)
    - React-perflogger
    - React-runtimeexecutor
    - React-utils
    - SocketRocket (= 0.6.1)
    - Yoga
  - React-Core/RCTActionSheetHeaders (0.72.10):
    - glog
    - hermes-engine
    - RCT-Folly (= 2021.07.22.00)
    - React-Core/Default
    - React-cxxreact
    - React-hermes
    - React-jsi
    - React-jsiexecutor
    - React-perflogger
    - React-runtimeexecutor
    - React-utils
    - SocketRocket (= 0.6.1)
    - Yoga
  - React-Core/RCTAnimationHeaders (0.72.10):
    - glog
    - hermes-engine
    - RCT-Folly (= 2021.07.22.00)
    - React-Core/Default
    - React-cxxreact
    - React-hermes
    - React-jsi
    - React-jsiexecutor
    - React-perflogger
    - React-runtimeexecutor
    - React-utils
    - SocketRocket (= 0.6.1)
    - Yoga
  - React-Core/RCTBlobHeaders (0.72.10):
    - glog
    - hermes-engine
    - RCT-Folly (= 2021.07.22.00)
    - React-Core/Default
    - React-cxxreact
    - React-hermes
    - React-jsi
    - React-jsiexecutor
    - React-perflogger
    - React-runtimeexecutor
    - React-utils
    - SocketRocket (= 0.6.1)
    - Yoga
  - React-Core/RCTImageHeaders (0.72.10):
    - glog
    - hermes-engine
    - RCT-Folly (= 2021.07.22.00)
    - React-Core/Default
    - React-cxxreact
    - React-hermes
    - React-jsi
    - React-jsiexecutor
    - React-perflogger
    - React-runtimeexecutor
    - React-utils
    - SocketRocket (= 0.6.1)
    - Yoga
  - React-Core/RCTLinkingHeaders (0.72.10):
    - glog
    - hermes-engine
    - RCT-Folly (= 2021.07.22.00)
    - React-Core/Default
    - React-cxxreact
    - React-hermes
    - React-jsi
    - React-jsiexecutor
    - React-perflogger
    - React-runtimeexecutor
    - React-utils
    - SocketRocket (= 0.6.1)
    - Yoga
  - React-Core/RCTNetworkHeaders (0.72.10):
    - glog
    - hermes-engine
    - RCT-Folly (= 2021.07.22.00)
    - React-Core/Default
    - React-cxxreact
    - React-hermes
    - React-jsi
    - React-jsiexecutor
    - React-perflogger
    - React-runtimeexecutor
    - React-utils
    - SocketRocket (= 0.6.1)
    - Yoga
  - React-Core/RCTSettingsHeaders (0.72.10):
    - glog
    - hermes-engine
    - RCT-Folly (= 2021.07.22.00)
    - React-Core/Default
    - React-cxxreact
    - React-hermes
    - React-jsi
    - React-jsiexecutor
    - React-perflogger
    - React-runtimeexecutor
    - React-utils
    - SocketRocket (= 0.6.1)
    - Yoga
  - React-Core/RCTTextHeaders (0.72.10):
    - glog
    - hermes-engine
    - RCT-Folly (= 2021.07.22.00)
    - React-Core/Default
    - React-cxxreact
    - React-hermes
    - React-jsi
    - React-jsiexecutor
    - React-perflogger
    - React-runtimeexecutor
    - React-utils
    - SocketRocket (= 0.6.1)
    - Yoga
  - React-Core/RCTVibrationHeaders (0.72.10):
    - glog
    - hermes-engine
    - RCT-Folly (= 2021.07.22.00)
    - React-Core/Default
    - React-cxxreact
    - React-hermes
    - React-jsi
    - React-jsiexecutor
    - React-perflogger
    - React-runtimeexecutor
    - React-utils
    - SocketRocket (= 0.6.1)
    - Yoga
  - React-Core/RCTWebSocket (0.72.10):
    - glog
    - hermes-engine
    - RCT-Folly (= 2021.07.22.00)
    - React-Core/Default (= 0.72.10)
    - React-cxxreact
    - React-hermes
    - React-jsi
    - React-jsiexecutor
    - React-perflogger
    - React-runtimeexecutor
    - React-utils
    - SocketRocket (= 0.6.1)
    - Yoga
  - React-CoreModules (0.72.10):
    - RCT-Folly (= 2021.07.22.00)
    - RCTTypeSafety (= 0.72.10)
    - React-Codegen (= 0.72.10)
    - React-Core/CoreModulesHeaders (= 0.72.10)
    - React-jsi (= 0.72.10)
    - React-RCTBlob
    - React-RCTImage (= 0.72.10)
    - ReactCommon/turbomodule/core (= 0.72.10)
    - SocketRocket (= 0.6.1)
  - React-cxxreact (0.72.10):
    - boost (= 1.76.0)
    - DoubleConversion
    - glog
    - hermes-engine
    - RCT-Folly (= 2021.07.22.00)
    - React-callinvoker (= 0.72.10)
    - React-debug (= 0.72.10)
    - React-jsi (= 0.72.10)
    - React-jsinspector (= 0.72.10)
    - React-logger (= 0.72.10)
    - React-perflogger (= 0.72.10)
    - React-runtimeexecutor (= 0.72.10)
  - React-debug (0.72.10)
  - React-hermes (0.72.10):
    - DoubleConversion
    - glog
    - hermes-engine
    - RCT-Folly (= 2021.07.22.00)
    - RCT-Folly/Futures (= 2021.07.22.00)
    - React-cxxreact (= 0.72.10)
    - React-jsi
    - React-jsiexecutor (= 0.72.10)
    - React-jsinspector (= 0.72.10)
    - React-perflogger (= 0.72.10)
  - React-jsi (0.72.10):
    - boost (= 1.76.0)
    - DoubleConversion
    - glog
    - hermes-engine
    - RCT-Folly (= 2021.07.22.00)
  - React-jsiexecutor (0.72.10):
    - DoubleConversion
    - glog
    - hermes-engine
    - RCT-Folly (= 2021.07.22.00)
    - React-cxxreact (= 0.72.10)
    - React-jsi (= 0.72.10)
    - React-perflogger (= 0.72.10)
  - React-jsinspector (0.72.10)
  - React-logger (0.72.10):
    - glog
  - react-native-safe-area-context (3.3.2):
    - React-Core
  - React-NativeModulesApple (0.72.10):
    - hermes-engine
    - React-callinvoker
    - React-Core
    - React-cxxreact
    - React-jsi
    - React-runtimeexecutor
    - ReactCommon/turbomodule/bridging
    - ReactCommon/turbomodule/core
  - React-perflogger (0.72.10)
  - React-RCTActionSheet (0.72.10):
    - React-Core/RCTActionSheetHeaders (= 0.72.10)
  - React-RCTAnimation (0.72.10):
    - RCT-Folly (= 2021.07.22.00)
    - RCTTypeSafety (= 0.72.10)
    - React-Codegen (= 0.72.10)
    - React-Core/RCTAnimationHeaders (= 0.72.10)
    - React-jsi (= 0.72.10)
    - ReactCommon/turbomodule/core (= 0.72.10)
  - React-RCTAppDelegate (0.72.10):
    - RCT-Folly
    - RCTRequired
    - RCTTypeSafety
    - React-Core
    - React-CoreModules
    - React-hermes
    - React-NativeModulesApple
    - React-RCTImage
    - React-RCTNetwork
    - React-runtimescheduler
    - ReactCommon/turbomodule/core
  - React-RCTBlob (0.72.10):
    - hermes-engine
    - RCT-Folly (= 2021.07.22.00)
    - React-Codegen (= 0.72.10)
    - React-Core/RCTBlobHeaders (= 0.72.10)
    - React-Core/RCTWebSocket (= 0.72.10)
    - React-jsi (= 0.72.10)
    - React-RCTNetwork (= 0.72.10)
    - ReactCommon/turbomodule/core (= 0.72.10)
  - React-RCTImage (0.72.10):
    - RCT-Folly (= 2021.07.22.00)
    - RCTTypeSafety (= 0.72.10)
    - React-Codegen (= 0.72.10)
    - React-Core/RCTImageHeaders (= 0.72.10)
    - React-jsi (= 0.72.10)
    - React-RCTNetwork (= 0.72.10)
    - ReactCommon/turbomodule/core (= 0.72.10)
  - React-RCTLinking (0.72.10):
    - React-Codegen (= 0.72.10)
    - React-Core/RCTLinkingHeaders (= 0.72.10)
    - React-jsi (= 0.72.10)
    - ReactCommon/turbomodule/core (= 0.72.10)
  - React-RCTNetwork (0.72.10):
    - RCT-Folly (= 2021.07.22.00)
    - RCTTypeSafety (= 0.72.10)
    - React-Codegen (= 0.72.10)
    - React-Core/RCTNetworkHeaders (= 0.72.10)
    - React-jsi (= 0.72.10)
    - ReactCommon/turbomodule/core (= 0.72.10)
  - React-RCTSettings (0.72.10):
    - RCT-Folly (= 2021.07.22.00)
    - RCTTypeSafety (= 0.72.10)
    - React-Codegen (= 0.72.10)
    - React-Core/RCTSettingsHeaders (= 0.72.10)
    - React-jsi (= 0.72.10)
    - ReactCommon/turbomodule/core (= 0.72.10)
  - React-RCTText (0.72.10):
    - React-Core/RCTTextHeaders (= 0.72.10)
  - React-RCTVibration (0.72.10):
    - RCT-Folly (= 2021.07.22.00)
    - React-Codegen (= 0.72.10)
    - React-Core/RCTVibrationHeaders (= 0.72.10)
    - React-jsi (= 0.72.10)
    - ReactCommon/turbomodule/core (= 0.72.10)
  - React-rncore (0.72.10)
  - React-runtimeexecutor (0.72.10):
    - React-jsi (= 0.72.10)
  - React-runtimescheduler (0.72.10):
    - glog
    - hermes-engine
    - RCT-Folly (= 2021.07.22.00)
    - React-callinvoker
    - React-debug
    - React-jsi
    - React-runtimeexecutor
  - React-utils (0.72.10):
    - glog
    - RCT-Folly (= 2021.07.22.00)
    - React-debug
  - ReactCommon/turbomodule/bridging (0.72.10):
    - DoubleConversion
    - glog
    - hermes-engine
    - RCT-Folly (= 2021.07.22.00)
    - React-callinvoker (= 0.72.10)
    - React-cxxreact (= 0.72.10)
    - React-jsi (= 0.72.10)
    - React-logger (= 0.72.10)
    - React-perflogger (= 0.72.10)
  - ReactCommon/turbomodule/core (0.72.10):
    - DoubleConversion
    - glog
    - hermes-engine
    - RCT-Folly (= 2021.07.22.00)
    - React-callinvoker (= 0.72.10)
    - React-cxxreact (= 0.72.10)
    - React-jsi (= 0.72.10)
    - React-logger (= 0.72.10)
    - React-perflogger (= 0.72.10)
  - RNFastImage (8.6.3):
    - React-Core
    - SDWebImage (~> 5.11.1)
    - SDWebImageWebPCoder (~> 0.8.4)
  - RNFlashList (1.6.4):
    - React-Core
  - RNFlashList/Tests (1.6.4):
    - React-Core
  - RNGestureHandler (2.15.0):
    - RCT-Folly (= 2021.07.22.00)
    - React-Core
  - RNReanimated (3.6.1):
    - RCT-Folly (= 2021.07.22.00)
    - React-Core
    - ReactCommon/turbomodule/core
  - RNScreens (3.29.0):
    - RCT-Folly (= 2021.07.22.00)
    - React-Core
  - SDWebImage (5.11.1):
    - SDWebImage/Core (= 5.11.1)
  - SDWebImage/Core (5.11.1)
  - SDWebImageWebPCoder (0.8.5):
    - libwebp (~> 1.0)
    - SDWebImage/Core (~> 5.10)
  - SocketRocket (0.6.1)
  - Yoga (1.14.0)

DEPENDENCIES:
  - boost (from `../node_modules/react-native/third-party-podspecs/boost.podspec`)
  - DoubleConversion (from `../node_modules/react-native/third-party-podspecs/DoubleConversion.podspec`)
  - FBLazyVector (from `../node_modules/react-native/Libraries/FBLazyVector`)
  - FBReactNativeSpec (from `../node_modules/react-native/React/FBReactNativeSpec`)
  - glog (from `../node_modules/react-native/third-party-podspecs/glog.podspec`)
  - hermes-engine (from `../node_modules/react-native/sdks/hermes-engine/hermes-engine.podspec`)
  - libevent (~> 2.1.12)
  - RCT-Folly (from `../node_modules/react-native/third-party-podspecs/RCT-Folly.podspec`)
  - RCTRequired (from `../node_modules/react-native/Libraries/RCTRequired`)
  - RCTTypeSafety (from `../node_modules/react-native/Libraries/TypeSafety`)
  - React (from `../node_modules/react-native/`)
  - React-callinvoker (from `../node_modules/react-native/ReactCommon/callinvoker`)
  - React-Codegen (from `build/generated/ios`)
  - React-Core (from `../node_modules/react-native/`)
  - React-Core/RCTWebSocket (from `../node_modules/react-native/`)
  - React-CoreModules (from `../node_modules/react-native/React/CoreModules`)
  - React-cxxreact (from `../node_modules/react-native/ReactCommon/cxxreact`)
  - React-debug (from `../node_modules/react-native/ReactCommon/react/debug`)
  - React-hermes (from `../node_modules/react-native/ReactCommon/hermes`)
  - React-jsi (from `../node_modules/react-native/ReactCommon/jsi`)
  - React-jsiexecutor (from `../node_modules/react-native/ReactCommon/jsiexecutor`)
  - React-jsinspector (from `../node_modules/react-native/ReactCommon/jsinspector`)
  - React-logger (from `../node_modules/react-native/ReactCommon/logger`)
  - react-native-safe-area-context (from `../node_modules/react-native-safe-area-context`)
  - React-NativeModulesApple (from `../node_modules/react-native/ReactCommon/react/nativemodule/core/platform/ios`)
  - React-perflogger (from `../node_modules/react-native/ReactCommon/reactperflogger`)
  - React-RCTActionSheet (from `../node_modules/react-native/Libraries/ActionSheetIOS`)
  - React-RCTAnimation (from `../node_modules/react-native/Libraries/NativeAnimation`)
  - React-RCTAppDelegate (from `../node_modules/react-native/Libraries/AppDelegate`)
  - React-RCTBlob (from `../node_modules/react-native/Libraries/Blob`)
  - React-RCTImage (from `../node_modules/react-native/Libraries/Image`)
  - React-RCTLinking (from `../node_modules/react-native/Libraries/LinkingIOS`)
  - React-RCTNetwork (from `../node_modules/react-native/Libraries/Network`)
  - React-RCTSettings (from `../node_modules/react-native/Libraries/Settings`)
  - React-RCTText (from `../node_modules/react-native/Libraries/Text`)
  - React-RCTVibration (from `../node_modules/react-native/Libraries/Vibration`)
  - React-rncore (from `../node_modules/react-native/ReactCommon`)
  - React-runtimeexecutor (from `../node_modules/react-native/ReactCommon/runtimeexecutor`)
  - React-runtimescheduler (from `../node_modules/react-native/ReactCommon/react/renderer/runtimescheduler`)
  - React-utils (from `../node_modules/react-native/ReactCommon/react/utils`)
  - ReactCommon/turbomodule/core (from `../node_modules/react-native/ReactCommon`)
  - RNFastImage (from `../node_modules/react-native-fast-image`)
  - RNFlashList (from `../../../RNFlashList.podspec`)
  - RNFlashList/Tests (from `../../../RNFlashList.podspec`)
  - RNGestureHandler (from `../node_modules/react-native-gesture-handler`)
  - RNReanimated (from `../node_modules/react-native-reanimated`)
  - RNScreens (from `../node_modules/react-native-screens`)
  - Yoga (from `../node_modules/react-native/ReactCommon/yoga`)

SPEC REPOS:
  trunk:
    - fmt
    - libevent
    - libwebp
    - SDWebImage
    - SDWebImageWebPCoder
    - SocketRocket

EXTERNAL SOURCES:
  boost:
    :podspec: "../node_modules/react-native/third-party-podspecs/boost.podspec"
  DoubleConversion:
    :podspec: "../node_modules/react-native/third-party-podspecs/DoubleConversion.podspec"
  FBLazyVector:
    :path: "../node_modules/react-native/Libraries/FBLazyVector"
  FBReactNativeSpec:
    :path: "../node_modules/react-native/React/FBReactNativeSpec"
  glog:
    :podspec: "../node_modules/react-native/third-party-podspecs/glog.podspec"
  hermes-engine:
    :podspec: "../node_modules/react-native/sdks/hermes-engine/hermes-engine.podspec"
  RCT-Folly:
    :podspec: "../node_modules/react-native/third-party-podspecs/RCT-Folly.podspec"
  RCTRequired:
    :path: "../node_modules/react-native/Libraries/RCTRequired"
  RCTTypeSafety:
    :path: "../node_modules/react-native/Libraries/TypeSafety"
  React:
    :path: "../node_modules/react-native/"
  React-callinvoker:
    :path: "../node_modules/react-native/ReactCommon/callinvoker"
  React-Codegen:
    :path: build/generated/ios
  React-Core:
    :path: "../node_modules/react-native/"
  React-CoreModules:
    :path: "../node_modules/react-native/React/CoreModules"
  React-cxxreact:
    :path: "../node_modules/react-native/ReactCommon/cxxreact"
  React-debug:
    :path: "../node_modules/react-native/ReactCommon/react/debug"
  React-hermes:
    :path: "../node_modules/react-native/ReactCommon/hermes"
  React-jsi:
    :path: "../node_modules/react-native/ReactCommon/jsi"
  React-jsiexecutor:
    :path: "../node_modules/react-native/ReactCommon/jsiexecutor"
  React-jsinspector:
    :path: "../node_modules/react-native/ReactCommon/jsinspector"
  React-logger:
    :path: "../node_modules/react-native/ReactCommon/logger"
  react-native-safe-area-context:
    :path: "../node_modules/react-native-safe-area-context"
  React-NativeModulesApple:
    :path: "../node_modules/react-native/ReactCommon/react/nativemodule/core/platform/ios"
  React-perflogger:
    :path: "../node_modules/react-native/ReactCommon/reactperflogger"
  React-RCTActionSheet:
    :path: "../node_modules/react-native/Libraries/ActionSheetIOS"
  React-RCTAnimation:
    :path: "../node_modules/react-native/Libraries/NativeAnimation"
  React-RCTAppDelegate:
    :path: "../node_modules/react-native/Libraries/AppDelegate"
  React-RCTBlob:
    :path: "../node_modules/react-native/Libraries/Blob"
  React-RCTImage:
    :path: "../node_modules/react-native/Libraries/Image"
  React-RCTLinking:
    :path: "../node_modules/react-native/Libraries/LinkingIOS"
  React-RCTNetwork:
    :path: "../node_modules/react-native/Libraries/Network"
  React-RCTSettings:
    :path: "../node_modules/react-native/Libraries/Settings"
  React-RCTText:
    :path: "../node_modules/react-native/Libraries/Text"
  React-RCTVibration:
    :path: "../node_modules/react-native/Libraries/Vibration"
  React-rncore:
    :path: "../node_modules/react-native/ReactCommon"
  React-runtimeexecutor:
    :path: "../node_modules/react-native/ReactCommon/runtimeexecutor"
  React-runtimescheduler:
    :path: "../node_modules/react-native/ReactCommon/react/renderer/runtimescheduler"
  React-utils:
    :path: "../node_modules/react-native/ReactCommon/react/utils"
  ReactCommon:
    :path: "../node_modules/react-native/ReactCommon"
  RNFastImage:
    :path: "../node_modules/react-native-fast-image"
  RNFlashList:
    :path: "../../../RNFlashList.podspec"
  RNGestureHandler:
    :path: "../node_modules/react-native-gesture-handler"
  RNReanimated:
    :path: "../node_modules/react-native-reanimated"
  RNScreens:
    :path: "../node_modules/react-native-screens"
  Yoga:
    :path: "../node_modules/react-native/ReactCommon/yoga"

SPEC CHECKSUMS:
  boost: 7dcd2de282d72e344012f7d6564d024930a6a440
  DoubleConversion: 5189b271737e1565bdce30deb4a08d647e3f5f54
  FBLazyVector: f91d538f197fa71a7d5b77ec2069d49550c0eb96
  FBReactNativeSpec: b13d1c23d6ed82d6b66aad7a253edf8ba76c4a4c
  fmt: ff9d55029c625d3757ed641535fd4a75fedc7ce9
  glog: 04b94705f318337d7ead9e6d17c019bd9b1f6b1b
  hermes-engine: 90e4033deb00bee33330a9f15eff0f874bd82f6d
  libevent: 4049cae6c81cdb3654a443be001fb9bdceff7913
  libwebp: 1786c9f4ff8a279e4dac1e8f385004d5fc253009
  RCT-Folly: 424b8c9a7a0b9ab2886ffe9c3b041ef628fd4fb1
  RCTRequired: b4d3068afa6f52ec5260a8417053b1f1b421483d
  RCTTypeSafety: a4551b3d338c96435f63bf06d564055c1d3cc0ac
  React: 66caa2a8192a35d7ba466a5fdf5dc06ee4a5f6dd
  React-callinvoker: e5b55e46894c2dd1bcdc19d4f82b0f7f631d1237
  React-Codegen: 0cf41e00026c5eba61f6bdcabd6e4bf659754f33
  React-Core: 2ce84187a00913f287b96753c56c7819ed7d90d5
  React-CoreModules: 893e7c5eed1ef8fe9e1ee1d913581c946e55b305
  React-cxxreact: 075d98dc664c0e9607cc0c45d41dc052bcc7313b
  React-debug: abc6213dcb9eafcf5242cbb194fef4c70c91871f
  React-hermes: 133cfa220ef836406f693ed7db56a509032ce433
  React-jsi: 9b45fd040d575f8ae6771bf1960641a58eb0bdd4
  React-jsiexecutor: 45ef2ec6dcde31b90469175ec76ddac77b91dfc3
  React-jsinspector: de0198127395fec3058140a20c045167f761bb16
  React-logger: dc3a2b174d79c2da635059212747d8d929b54e06
  react-native-safe-area-context: 584dc04881deb49474363f3be89e4ca0e854c057
  React-NativeModulesApple: c3e696ff867e4bc212266cbdf7e862e48a0166fd
  React-perflogger: 43287389ea08993c300897a46f95cfac04bb6c1a
  React-RCTActionSheet: 923afe77f9bb89da7c1f98e2730bfc9dde0eed6d
  React-RCTAnimation: afd4d94c5e1f731e32ac99800850be06564ac642
  React-RCTAppDelegate: fb2e1447d014557f29e214fe2eb777442f808a3b
  React-RCTBlob: 167e2c6c3643f093058c51e76ecc653fc8236033
  React-RCTImage: 867de82a17630a08a3fa64b0cd6677dd19bf6eaf
  React-RCTLinking: 885dde8bc5d397c3e72c76315f1f9b5030b3a70e
  React-RCTNetwork: efec71102220b96ac8605d0253debd859ca0c817
  React-RCTSettings: 077065d0a4e925b017fe8538afa574d8fb52391f
  React-RCTText: 7adddb518ac362b2398fedf0c64105e0dab29441
  React-RCTVibration: de6b7218e415d82788e0965f278dddb2ef88b372
  React-rncore: f0d8c23481a6c263a343fa7fd3816d943754b720
  React-runtimeexecutor: 2b2c09edbca4c9a667428e8c93959f66b3b53140
  React-runtimescheduler: 6ca43e8deadf01ff06b3f01abf8f0e4d508e23c3
  React-utils: 372b83030a74347331636909278bf0a60ec30d59
  ReactCommon: 38824bfffaf4c51fbe03a2730b4fd874ef34d67b
  RNFastImage: 5c9c9fed9c076e521b3f509fe79e790418a544e8
  RNFlashList: b521ebdd7f9352673817f1d98e8bdc0c8cf8545b
  RNGestureHandler: 7909c50383a18f0cb10ce1db7262b9a6da504c03
  RNReanimated: fdbaa9c964bbab7fac50c90862b6cc5f041679b9
  RNScreens: 3c5b9f4a9dcde752466854b6109b79c0e205dad3
  SDWebImage: a7f831e1a65eb5e285e3fb046a23fcfbf08e696d
  SDWebImageWebPCoder: 908b83b6adda48effe7667cd2b7f78c897e5111d
  SocketRocket: f32cd54efbe0f095c4d7594881e52619cfe80b17
  Yoga: d0003f849d2b5224c072cef6568b540d8bb15cd3

PODFILE CHECKSUM: d72c2f47850df7dae61bddfc35be7bd4208855f6

COCOAPODS: 1.11.3
